
Microsoft Visual Studio Solution File, Format Version 12.00
# Visual Studio Version 16
VisualStudioVersion = 16.0.31515.178
MinimumVisualStudioVersion = 10.0.40219.1
Project("{9A19103F-16F7-4668-BE54-9A1E7A4F7556}") = "InstaHelper", "InstaHelper.csproj", "{3DF4D4E9-73F1-4625-B8D1-1C91068EC65C}"
EndProject
Project("{FAE04EC0-301F-11D3-BF4B-00C04F79EFBC}") = "InstaHelper.Tests", "..\InstaHelper.Tests\InstaHelper.Tests.csproj", "{5C03DFB3-4572-4617-A266-913FE9333CF7}"
EndProject
Global
	GlobalSection(SolutionConfigurationPlatforms) = preSolution
		Debug|Any CPU = Debug|Any CPU
		Release|Any CPU = Release|Any CPU
	EndGlobalSection
	GlobalSection(ProjectConfigurationPlatforms) = postSolution
		{3DF4D4E9-73F1-4625-B8D1-1C91068EC65C}.Debug|Any CPU.ActiveCfg = Debug|Any CPU
		{3DF4D4E9-73F1-4625-B8D1-1C91068EC65C}.Debug|Any CPU.Build.0 = Debug|Any CPU
		{3DF4D4E9-73F1-4625-B8D1-1C91068EC65C}.Release|Any CPU.ActiveCfg = Release|Any CPU
		{3DF4D4E9-73F1-4625-B8D1-1C91068EC65C}.Release|Any CPU.Build.0 = Release|Any CPU
		{5C03DFB3-4572-4617-A266-913FE9333CF7}.Debug|Any CPU.ActiveCfg = Debug|Any CPU
		{5C03DFB3-4572-4617-A266-913FE9333CF7}.Debug|Any CPU.Build.0 = Debug|Any CPU
		{5C03DFB3-4572-4617-A266-913FE9333CF7}.Release|Any CPU.ActiveCfg = Release|Any CPU
		{5C03DFB3-4572-4617-A266-913FE9333CF7}.Release|Any CPU.Build.0 = Release|Any CPU
	EndGlobalSection
	GlobalSection(SolutionProperties) = preSolution
		HideSolutionNode = FALSE
	EndGlobalSection
	GlobalSection(ExtensibilityGlobals) = postSolution
		SolutionGuid = {EE3A68F1-C302-4527-ADB9-4844B47C62B9}
	EndGlobalSection
EndGlobal
